
Microsoft Visual Studio Solution File, Format Version 12.00
# Visual Studio Version 17
VisualStudioVersion = 17.0.31903.59
MinimumVisualStudioVersion = 10.0.40219.1
Project("{2150E333-8FDC-42A3-9474-1A3956D46DE8}") = "TasteTrailGateway", "TasteTrailGateway", "{6D71998C-6D84-40A4-8F95-35155BB5066B}"
EndProject
Project("{2150E333-8FDC-42A3-9474-1A3956D46DE8}") = "src", "src", "{7542542B-F42A-4E28-AF63-6CB560E09965}"
EndProject
Project("{FAE04EC0-301F-11D3-BF4B-00C04F79EFBC}") = "TasteTrailGateway.Api", "TasteTrailGateway\src\TasteTrailGateway.Api\TasteTrailGateway.Api.csproj", "{638E96C1-D2C4-43A6-B974-DA5B8068A3C8}"
EndProject
Global
	GlobalSection(SolutionConfigurationPlatforms) = preSolution
		Debug|Any CPU = Debug|Any CPU
		Release|Any CPU = Release|Any CPU
	EndGlobalSection
	GlobalSection(SolutionProperties) = preSolution
		HideSolutionNode = FALSE
	EndGlobalSection
	GlobalSection(ProjectConfigurationPlatforms) = postSolution
		{638E96C1-D2C4-43A6-B974-DA5B8068A3C8}.Debug|Any CPU.ActiveCfg = Debug|Any CPU
		{638E96C1-D2C4-43A6-B974-DA5B8068A3C8}.Debug|Any CPU.Build.0 = Debug|Any CPU
		{638E96C1-D2C4-43A6-B974-DA5B8068A3C8}.Release|Any CPU.ActiveCfg = Release|Any CPU
		{638E96C1-D2C4-43A6-B974-DA5B8068A3C8}.Release|Any CPU.Build.0 = Release|Any CPU
	EndGlobalSection
	GlobalSection(NestedProjects) = preSolution
		{7542542B-F42A-4E28-AF63-6CB560E09965} = {6D71998C-6D84-40A4-8F95-35155BB5066B}
		{638E96C1-D2C4-43A6-B974-DA5B8068A3C8} = {7542542B-F42A-4E28-AF63-6CB560E09965}
	EndGlobalSection
EndGlobal
